
Microsoft Visual Studio Solution File, Format Version 12.00
# Visual Studio Version 16
VisualStudioVersion = 16.0.31729.503
MinimumVisualStudioVersion = 10.0.40219.1
Project("{FAE04EC0-301F-11D3-BF4B-00C04F79EFBC}") = "MangaOYomuCore", "MangaOYomu\MangaOYomuCore.csproj", "{2FDD8C7E-02DF-490A-A666-DDE51E09DE3E}"
EndProject
Project("{9A19103F-16F7-4668-BE54-9A1E7A4F7556}") = "MangaOYomuWeb", "MangaOYomuWeb\MangaOYomuWeb.csproj", "{FCE5B8B6-2BF1-494F-9EB7-7D65FB296EEB}"
EndProject
Project("{9A19103F-16F7-4668-BE54-9A1E7A4F7556}") = "MangaOYomuConsole", "MangaOYomuConsole\MangaOYomuConsole.csproj", "{03F9797E-3496-4BEB-8C75-F6022DA4B78A}"
EndProject
Project("{9A19103F-16F7-4668-BE54-9A1E7A4F7556}") = "MangaOYomuApi", "MangaOYomuApi\MangaOYomuApi.csproj", "{EEBE88AC-4C35-49F0-867D-B84B6B17247E}"
EndProject
Project("{FAE04EC0-301F-11D3-BF4B-00C04F79EFBC}") = "WpfApp", "WpfApp\WpfApp.csproj", "{A9E70E80-A717-4586-B138-37257DD9CE80}"
EndProject
Global
	GlobalSection(SolutionConfigurationPlatforms) = preSolution
		Debug|Any CPU = Debug|Any CPU
		Release|Any CPU = Release|Any CPU
	EndGlobalSection
	GlobalSection(ProjectConfigurationPlatforms) = postSolution
		{2FDD8C7E-02DF-490A-A666-DDE51E09DE3E}.Debug|Any CPU.ActiveCfg = Debug|Any CPU
		{2FDD8C7E-02DF-490A-A666-DDE51E09DE3E}.Debug|Any CPU.Build.0 = Debug|Any CPU
		{2FDD8C7E-02DF-490A-A666-DDE51E09DE3E}.Release|Any CPU.ActiveCfg = Release|Any CPU
		{2FDD8C7E-02DF-490A-A666-DDE51E09DE3E}.Release|Any CPU.Build.0 = Release|Any CPU
		{FCE5B8B6-2BF1-494F-9EB7-7D65FB296EEB}.Debug|Any CPU.ActiveCfg = Debug|Any CPU
		{FCE5B8B6-2BF1-494F-9EB7-7D65FB296EEB}.Debug|Any CPU.Build.0 = Debug|Any CPU
		{FCE5B8B6-2BF1-494F-9EB7-7D65FB296EEB}.Release|Any CPU.ActiveCfg = Release|Any CPU
		{FCE5B8B6-2BF1-494F-9EB7-7D65FB296EEB}.Release|Any CPU.Build.0 = Release|Any CPU
		{03F9797E-3496-4BEB-8C75-F6022DA4B78A}.Debug|Any CPU.ActiveCfg = Debug|Any CPU
		{03F9797E-3496-4BEB-8C75-F6022DA4B78A}.Debug|Any CPU.Build.0 = Debug|Any CPU
		{03F9797E-3496-4BEB-8C75-F6022DA4B78A}.Release|Any CPU.ActiveCfg = Release|Any CPU
		{03F9797E-3496-4BEB-8C75-F6022DA4B78A}.Release|Any CPU.Build.0 = Release|Any CPU
		{EEBE88AC-4C35-49F0-867D-B84B6B17247E}.Debug|Any CPU.ActiveCfg = Debug|Any CPU
		{EEBE88AC-4C35-49F0-867D-B84B6B17247E}.Debug|Any CPU.Build.0 = Debug|Any CPU
		{EEBE88AC-4C35-49F0-867D-B84B6B17247E}.Release|Any CPU.ActiveCfg = Release|Any CPU
		{EEBE88AC-4C35-49F0-867D-B84B6B17247E}.Release|Any CPU.Build.0 = Release|Any CPU
		{A9E70E80-A717-4586-B138-37257DD9CE80}.Debug|Any CPU.ActiveCfg = Debug|Any CPU
		{A9E70E80-A717-4586-B138-37257DD9CE80}.Debug|Any CPU.Build.0 = Debug|Any CPU
		{A9E70E80-A717-4586-B138-37257DD9CE80}.Release|Any CPU.ActiveCfg = Release|Any CPU
		{A9E70E80-A717-4586-B138-37257DD9CE80}.Release|Any CPU.Build.0 = Release|Any CPU
	EndGlobalSection
	GlobalSection(SolutionProperties) = preSolution
		HideSolutionNode = FALSE
	EndGlobalSection
	GlobalSection(ExtensibilityGlobals) = postSolution
		SolutionGuid = {C4619A50-9836-4703-A997-FFBA69C18AE0}
	EndGlobalSection
EndGlobal
